
Microsoft Visual Studio Solution File, Format Version 12.00
# Visual Studio Version 16
VisualStudioVersion = 16.0.31005.135
MinimumVisualStudioVersion = 10.0.40219.1
Project("{9A19103F-16F7-4668-BE54-9A1E7A4F7556}") = "8.1", "7.1\8.1.csproj", "{33020E15-671C-4095-A2D5-621A41D8963B}"
EndProject
Project("{9A19103F-16F7-4668-BE54-9A1E7A4F7556}") = "8.2", "7.2\8.2.csproj", "{9A42CFF0-27F1-4A79-B3B9-14C1715B8C6D}"
EndProject
Project("{9A19103F-16F7-4668-BE54-9A1E7A4F7556}") = "8.3", "7.3\8.3.csproj", "{9B07810D-9491-4BF0-8A49-B89F94EBD68A}"
EndProject
Project("{FAE04EC0-301F-11D3-BF4B-00C04F79EFBC}") = "8.4", "8.3\8.4.csproj", "{790D96E3-4045-4AFE-BF3C-02ABF4C0DBAA}"
EndProject
Global
	GlobalSection(SolutionConfigurationPlatforms) = preSolution
		Debug|Any CPU = Debug|Any CPU
		Release|Any CPU = Release|Any CPU
	EndGlobalSection
	GlobalSection(ProjectConfigurationPlatforms) = postSolution
		{33020E15-671C-4095-A2D5-621A41D8963B}.Debug|Any CPU.ActiveCfg = Debug|Any CPU
		{33020E15-671C-4095-A2D5-621A41D8963B}.Debug|Any CPU.Build.0 = Debug|Any CPU
		{33020E15-671C-4095-A2D5-621A41D8963B}.Release|Any CPU.ActiveCfg = Release|Any CPU
		{33020E15-671C-4095-A2D5-621A41D8963B}.Release|Any CPU.Build.0 = Release|Any CPU
		{9A42CFF0-27F1-4A79-B3B9-14C1715B8C6D}.Debug|Any CPU.ActiveCfg = Debug|Any CPU
		{9A42CFF0-27F1-4A79-B3B9-14C1715B8C6D}.Debug|Any CPU.Build.0 = Debug|Any CPU
		{9A42CFF0-27F1-4A79-B3B9-14C1715B8C6D}.Release|Any CPU.ActiveCfg = Release|Any CPU
		{9A42CFF0-27F1-4A79-B3B9-14C1715B8C6D}.Release|Any CPU.Build.0 = Release|Any CPU
		{9B07810D-9491-4BF0-8A49-B89F94EBD68A}.Debug|Any CPU.ActiveCfg = Debug|Any CPU
		{9B07810D-9491-4BF0-8A49-B89F94EBD68A}.Debug|Any CPU.Build.0 = Debug|Any CPU
		{9B07810D-9491-4BF0-8A49-B89F94EBD68A}.Release|Any CPU.ActiveCfg = Release|Any CPU
		{9B07810D-9491-4BF0-8A49-B89F94EBD68A}.Release|Any CPU.Build.0 = Release|Any CPU
		{790D96E3-4045-4AFE-BF3C-02ABF4C0DBAA}.Debug|Any CPU.ActiveCfg = Debug|Any CPU
		{790D96E3-4045-4AFE-BF3C-02ABF4C0DBAA}.Debug|Any CPU.Build.0 = Debug|Any CPU
		{790D96E3-4045-4AFE-BF3C-02ABF4C0DBAA}.Release|Any CPU.ActiveCfg = Release|Any CPU
		{790D96E3-4045-4AFE-BF3C-02ABF4C0DBAA}.Release|Any CPU.Build.0 = Release|Any CPU
	EndGlobalSection
	GlobalSection(SolutionProperties) = preSolution
		HideSolutionNode = FALSE
	EndGlobalSection
	GlobalSection(ExtensibilityGlobals) = postSolution
		SolutionGuid = {15F3F4FA-D9AC-48A9-A35C-0B2577C75E9B}
	EndGlobalSection
EndGlobal
